
Microsoft Visual Studio Solution File, Format Version 12.00
# Visual Studio Version 17
VisualStudioVersion = 17.5.33530.505
MinimumVisualStudioVersion = 10.0.40219.1
Project("{FAE04EC0-301F-11D3-BF4B-00C04F79EFBC}") = "CICDNewDemo", "CICDNewDemo.csproj", "{3389FFE4-254D-418A-8631-407C0132FC33}"
EndProject
Global
	GlobalSection(SolutionConfigurationPlatforms) = preSolution
		Debug|Any CPU = Debug|Any CPU
		Release|Any CPU = Release|Any CPU
	EndGlobalSection
	GlobalSection(ProjectConfigurationPlatforms) = postSolution
		{3389FFE4-254D-418A-8631-407C0132FC33}.Debug|Any CPU.ActiveCfg = Debug|Any CPU
		{3389FFE4-254D-418A-8631-407C0132FC33}.Debug|Any CPU.Build.0 = Debug|Any CPU
		{3389FFE4-254D-418A-8631-407C0132FC33}.Release|Any CPU.ActiveCfg = Release|Any CPU
		{3389FFE4-254D-418A-8631-407C0132FC33}.Release|Any CPU.Build.0 = Release|Any CPU
	EndGlobalSection
	GlobalSection(SolutionProperties) = preSolution
		HideSolutionNode = FALSE
	EndGlobalSection
	GlobalSection(ExtensibilityGlobals) = postSolution
		SolutionGuid = {C50AC03E-06D1-4987-ACF1-058A5F502F48}
	EndGlobalSection
EndGlobal
